
Microsoft Visual Studio Solution File, Format Version 12.00
# Visual Studio Version 16
VisualStudioVersion = 16.0.31605.320
MinimumVisualStudioVersion = 10.0.40219.1
Project("{2150E333-8FDC-42A3-9474-1A3956D46DE8}") = "src", "src", "{4D95B0DC-08F0-4120-806E-44513AA579B1}"
EndProject
Project("{2150E333-8FDC-42A3-9474-1A3956D46DE8}") = "test", "test", "{A4E7A3F5-FBFB-4A8F-81C4-07B74B4EED23}"
EndProject
Project("{2150E333-8FDC-42A3-9474-1A3956D46DE8}") = "API", "API", "{4B468A65-F985-411A-A1A0-5E0982B71FEA}"
EndProject
Project("{2150E333-8FDC-42A3-9474-1A3956D46DE8}") = "Core", "Core", "{E8733442-AE8A-4D6A-9D55-38D942051F9D}"
EndProject
Project("{2150E333-8FDC-42A3-9474-1A3956D46DE8}") = "Infrastructure", "Infrastructure", "{0EBD1FEA-A547-4B7E-8084-4FC6D53F3587}"
EndProject
Project("{2150E333-8FDC-42A3-9474-1A3956D46DE8}") = "UI", "UI", "{AA38C903-63AE-4786-82E2-CC3E5FA7F29F}"
EndProject
Project("{FAE04EC0-301F-11D3-BF4B-00C04F79EFBC}") = "LibraryManagement.Domain", "LibraryManagement.Domain\LibraryManagement.Domain.csproj", "{2828BEA0-1BCA-42DC-9CAF-9607EF53CC8A}"
EndProject
Project("{FAE04EC0-301F-11D3-BF4B-00C04F79EFBC}") = "LibraryManagement.Application", "LibraryManagement.Application\LibraryManagement.Application.csproj", "{58C5E6A8-06B3-41D1-B122-3CC6F56AD921}"
EndProject
Project("{FAE04EC0-301F-11D3-BF4B-00C04F79EFBC}") = "LibraryManagement.Infrastructure", "LibraryManagement.Infrastructure\LibraryManagement.Infrastructure.csproj", "{10762EE8-9F5E-4AF8-86D4-072E91C4CEAF}"
EndProject
Project("{FAE04EC0-301F-11D3-BF4B-00C04F79EFBC}") = "LibraryManagement.Persistence", "LibraryManagement.Persistence\LibraryManagement.Persistence.csproj", "{20FB2C5F-C48B-4606-88D6-CAA66AE466B7}"
EndProject
Global
	GlobalSection(SolutionConfigurationPlatforms) = preSolution
		Debug|Any CPU = Debug|Any CPU
		Release|Any CPU = Release|Any CPU
	EndGlobalSection
	GlobalSection(ProjectConfigurationPlatforms) = postSolution
		{2828BEA0-1BCA-42DC-9CAF-9607EF53CC8A}.Debug|Any CPU.ActiveCfg = Debug|Any CPU
		{2828BEA0-1BCA-42DC-9CAF-9607EF53CC8A}.Debug|Any CPU.Build.0 = Debug|Any CPU
		{2828BEA0-1BCA-42DC-9CAF-9607EF53CC8A}.Release|Any CPU.ActiveCfg = Release|Any CPU
		{2828BEA0-1BCA-42DC-9CAF-9607EF53CC8A}.Release|Any CPU.Build.0 = Release|Any CPU
		{58C5E6A8-06B3-41D1-B122-3CC6F56AD921}.Debug|Any CPU.ActiveCfg = Debug|Any CPU
		{58C5E6A8-06B3-41D1-B122-3CC6F56AD921}.Debug|Any CPU.Build.0 = Debug|Any CPU
		{58C5E6A8-06B3-41D1-B122-3CC6F56AD921}.Release|Any CPU.ActiveCfg = Release|Any CPU
		{58C5E6A8-06B3-41D1-B122-3CC6F56AD921}.Release|Any CPU.Build.0 = Release|Any CPU
		{10762EE8-9F5E-4AF8-86D4-072E91C4CEAF}.Debug|Any CPU.ActiveCfg = Debug|Any CPU
		{10762EE8-9F5E-4AF8-86D4-072E91C4CEAF}.Debug|Any CPU.Build.0 = Debug|Any CPU
		{10762EE8-9F5E-4AF8-86D4-072E91C4CEAF}.Release|Any CPU.ActiveCfg = Release|Any CPU
		{10762EE8-9F5E-4AF8-86D4-072E91C4CEAF}.Release|Any CPU.Build.0 = Release|Any CPU
		{20FB2C5F-C48B-4606-88D6-CAA66AE466B7}.Debug|Any CPU.ActiveCfg = Debug|Any CPU
		{20FB2C5F-C48B-4606-88D6-CAA66AE466B7}.Debug|Any CPU.Build.0 = Debug|Any CPU
		{20FB2C5F-C48B-4606-88D6-CAA66AE466B7}.Release|Any CPU.ActiveCfg = Release|Any CPU
		{20FB2C5F-C48B-4606-88D6-CAA66AE466B7}.Release|Any CPU.Build.0 = Release|Any CPU
	EndGlobalSection
	GlobalSection(SolutionProperties) = preSolution
		HideSolutionNode = FALSE
	EndGlobalSection
	GlobalSection(NestedProjects) = preSolution
		{4B468A65-F985-411A-A1A0-5E0982B71FEA} = {4D95B0DC-08F0-4120-806E-44513AA579B1}
		{E8733442-AE8A-4D6A-9D55-38D942051F9D} = {4D95B0DC-08F0-4120-806E-44513AA579B1}
		{0EBD1FEA-A547-4B7E-8084-4FC6D53F3587} = {4D95B0DC-08F0-4120-806E-44513AA579B1}
		{AA38C903-63AE-4786-82E2-CC3E5FA7F29F} = {4D95B0DC-08F0-4120-806E-44513AA579B1}
		{2828BEA0-1BCA-42DC-9CAF-9607EF53CC8A} = {E8733442-AE8A-4D6A-9D55-38D942051F9D}
		{58C5E6A8-06B3-41D1-B122-3CC6F56AD921} = {E8733442-AE8A-4D6A-9D55-38D942051F9D}
		{10762EE8-9F5E-4AF8-86D4-072E91C4CEAF} = {0EBD1FEA-A547-4B7E-8084-4FC6D53F3587}
		{20FB2C5F-C48B-4606-88D6-CAA66AE466B7} = {0EBD1FEA-A547-4B7E-8084-4FC6D53F3587}
	EndGlobalSection
	GlobalSection(ExtensibilityGlobals) = postSolution
		SolutionGuid = {5F9C550C-A047-4526-84E1-D3C4449FA024}
	EndGlobalSection
EndGlobal
